
Microsoft Visual Studio Solution File, Format Version 12.00
# Visual Studio 15
VisualStudioVersion = 15.0.26730.8
MinimumVisualStudioVersion = 10.0.40219.1
Project("{FAE04EC0-301F-11D3-BF4B-00C04F79EFBC}") = "MarshalPerfTest", "tests\PerfTests\MarshalPerfTest\MarshalPerfTest.csproj", "{8C0F46F2-0136-4510-ACC9-D7A583ABDDD2}"
EndProject
Project("{2150E333-8FDC-42A3-9474-1A3956D46DE8}") = "tests", "tests", "{2E903AB5-E882-49A7-A612-FCCB9F11D540}"
EndProject
Project("{2150E333-8FDC-42A3-9474-1A3956D46DE8}") = "src", "src", "{C69D878A-A37C-4DBD-8D90-8AF30074E3C0}"
EndProject
Project("{9A19103F-16F7-4668-BE54-9A1E7A4F7556}") = "FreecraftCore.Serializer", "src\FreecraftCore.Serializer\FreecraftCore.Serializer.csproj", "{1120443D-3709-4CAF-AF9B-A2203671DBB2}"
EndProject
Project("{9A19103F-16F7-4668-BE54-9A1E7A4F7556}") = "FreecraftCore.Serializer.Metadata", "src\FreecraftCore.Serializer.Metadata\FreecraftCore.Serializer.Metadata.csproj", "{891CC3D5-9D84-47FD-95CC-00FBBC730752}"
EndProject
Project("{9A19103F-16F7-4668-BE54-9A1E7A4F7556}") = "FreecraftCore.Serializer.Stream", "src\FreecraftCore.Serializer.Stream\FreecraftCore.Serializer.Stream.csproj", "{7352FBF0-887C-451C-8937-68F1B50684CE}"
EndProject
Project("{9A19103F-16F7-4668-BE54-9A1E7A4F7556}") = "Preformance.Tests", "tests\Preformance.Tests\Preformance.Tests.csproj", "{127F5B64-66DF-471D-800A-75FF39FDD8C0}"
EndProject
Project("{FAE04EC0-301F-11D3-BF4B-00C04F79EFBC}") = "FreecraftCore.Serialization.Tests", "tests\FreecraftCore.Serialization.Tests\FreecraftCore.Serialization.Tests.csproj", "{5583F0D8-F594-4E63-878B-D1C4452A662C}"
EndProject
Project("{9A19103F-16F7-4668-BE54-9A1E7A4F7556}") = "FreecraftCore.Serializer.API", "src\FreecraftCore.Serializer.API\FreecraftCore.Serializer.API.csproj", "{E9199C44-9A68-44D1-BC00-CCBA85342F09}"
EndProject
Global
	GlobalSection(SolutionConfigurationPlatforms) = preSolution
		Debug|Any CPU = Debug|Any CPU
		Debug|x64 = Debug|x64
		Debug|x86 = Debug|x86
		Release|Any CPU = Release|Any CPU
		Release|x64 = Release|x64
		Release|x86 = Release|x86
	EndGlobalSection
	GlobalSection(ProjectConfigurationPlatforms) = postSolution
		{8C0F46F2-0136-4510-ACC9-D7A583ABDDD2}.Debug|Any CPU.ActiveCfg = Debug|Any CPU
		{8C0F46F2-0136-4510-ACC9-D7A583ABDDD2}.Debug|Any CPU.Build.0 = Debug|Any CPU
		{8C0F46F2-0136-4510-ACC9-D7A583ABDDD2}.Debug|x64.ActiveCfg = Debug|Any CPU
		{8C0F46F2-0136-4510-ACC9-D7A583ABDDD2}.Debug|x64.Build.0 = Debug|Any CPU
		{8C0F46F2-0136-4510-ACC9-D7A583ABDDD2}.Debug|x86.ActiveCfg = Debug|Any CPU
		{8C0F46F2-0136-4510-ACC9-D7A583ABDDD2}.Debug|x86.Build.0 = Debug|Any CPU
		{8C0F46F2-0136-4510-ACC9-D7A583ABDDD2}.Release|Any CPU.ActiveCfg = Release|Any CPU
		{8C0F46F2-0136-4510-ACC9-D7A583ABDDD2}.Release|Any CPU.Build.0 = Release|Any CPU
		{8C0F46F2-0136-4510-ACC9-D7A583ABDDD2}.Release|x64.ActiveCfg = Release|Any CPU
		{8C0F46F2-0136-4510-ACC9-D7A583ABDDD2}.Release|x64.Build.0 = Release|Any CPU
		{8C0F46F2-0136-4510-ACC9-D7A583ABDDD2}.Release|x86.ActiveCfg = Release|Any CPU
		{8C0F46F2-0136-4510-ACC9-D7A583ABDDD2}.Release|x86.Build.0 = Release|Any CPU
		{1120443D-3709-4CAF-AF9B-A2203671DBB2}.Debug|Any CPU.ActiveCfg = Debug|Any CPU
		{1120443D-3709-4CAF-AF9B-A2203671DBB2}.Debug|Any CPU.Build.0 = Debug|Any CPU
		{1120443D-3709-4CAF-AF9B-A2203671DBB2}.Debug|x64.ActiveCfg = Debug|Any CPU
		{1120443D-3709-4CAF-AF9B-A2203671DBB2}.Debug|x64.Build.0 = Debug|Any CPU
		{1120443D-3709-4CAF-AF9B-A2203671DBB2}.Debug|x86.ActiveCfg = Debug|Any CPU
		{1120443D-3709-4CAF-AF9B-A2203671DBB2}.Debug|x86.Build.0 = Debug|Any CPU
		{1120443D-3709-4CAF-AF9B-A2203671DBB2}.Release|Any CPU.ActiveCfg = Release|Any CPU
		{1120443D-3709-4CAF-AF9B-A2203671DBB2}.Release|Any CPU.Build.0 = Release|Any CPU
		{1120443D-3709-4CAF-AF9B-A2203671DBB2}.Release|x64.ActiveCfg = Release|Any CPU
		{1120443D-3709-4CAF-AF9B-A2203671DBB2}.Release|x64.Build.0 = Release|Any CPU
		{1120443D-3709-4CAF-AF9B-A2203671DBB2}.Release|x86.ActiveCfg = Release|Any CPU
		{1120443D-3709-4CAF-AF9B-A2203671DBB2}.Release|x86.Build.0 = Release|Any CPU
		{891CC3D5-9D84-47FD-95CC-00FBBC730752}.Debug|Any CPU.ActiveCfg = Debug|Any CPU
		{891CC3D5-9D84-47FD-95CC-00FBBC730752}.Debug|Any CPU.Build.0 = Debug|Any CPU
		{891CC3D5-9D84-47FD-95CC-00FBBC730752}.Debug|x64.ActiveCfg = Debug|Any CPU
		{891CC3D5-9D84-47FD-95CC-00FBBC730752}.Debug|x64.Build.0 = Debug|Any CPU
		{891CC3D5-9D84-47FD-95CC-00FBBC730752}.Debug|x86.ActiveCfg = Debug|Any CPU
		{891CC3D5-9D84-47FD-95CC-00FBBC730752}.Debug|x86.Build.0 = Debug|Any CPU
		{891CC3D5-9D84-47FD-95CC-00FBBC730752}.Release|Any CPU.ActiveCfg = Release|Any CPU
		{891CC3D5-9D84-47FD-95CC-00FBBC730752}.Release|Any CPU.Build.0 = Release|Any CPU
		{891CC3D5-9D84-47FD-95CC-00FBBC730752}.Release|x64.ActiveCfg = Release|Any CPU
		{891CC3D5-9D84-47FD-95CC-00FBBC730752}.Release|x64.Build.0 = Release|Any CPU
		{891CC3D5-9D84-47FD-95CC-00FBBC730752}.Release|x86.ActiveCfg = Release|Any CPU
		{891CC3D5-9D84-47FD-95CC-00FBBC730752}.Release|x86.Build.0 = Release|Any CPU
		{7352FBF0-887C-451C-8937-68F1B50684CE}.Debug|Any CPU.ActiveCfg = Debug|Any CPU
		{7352FBF0-887C-451C-8937-68F1B50684CE}.Debug|Any CPU.Build.0 = Debug|Any CPU
		{7352FBF0-887C-451C-8937-68F1B50684CE}.Debug|x64.ActiveCfg = Debug|Any CPU
		{7352FBF0-887C-451C-8937-68F1B50684CE}.Debug|x64.Build.0 = Debug|Any CPU
		{7352FBF0-887C-451C-8937-68F1B50684CE}.Debug|x86.ActiveCfg = Debug|Any CPU
		{7352FBF0-887C-451C-8937-68F1B50684CE}.Debug|x86.Build.0 = Debug|Any CPU
		{7352FBF0-887C-451C-8937-68F1B50684CE}.Release|Any CPU.ActiveCfg = Release|Any CPU
		{7352FBF0-887C-451C-8937-68F1B50684CE}.Release|Any CPU.Build.0 = Release|Any CPU
		{7352FBF0-887C-451C-8937-68F1B50684CE}.Release|x64.ActiveCfg = Release|Any CPU
		{7352FBF0-887C-451C-8937-68F1B50684CE}.Release|x64.Build.0 = Release|Any CPU
		{7352FBF0-887C-451C-8937-68F1B50684CE}.Release|x86.ActiveCfg = Release|Any CPU
		{7352FBF0-887C-451C-8937-68F1B50684CE}.Release|x86.Build.0 = Release|Any CPU
		{127F5B64-66DF-471D-800A-75FF39FDD8C0}.Debug|Any CPU.ActiveCfg = Debug|Any CPU
		{127F5B64-66DF-471D-800A-75FF39FDD8C0}.Debug|Any CPU.Build.0 = Debug|Any CPU
		{127F5B64-66DF-471D-800A-75FF39FDD8C0}.Debug|x64.ActiveCfg = Debug|Any CPU
		{127F5B64-66DF-471D-800A-75FF39FDD8C0}.Debug|x64.Build.0 = Debug|Any CPU
		{127F5B64-66DF-471D-800A-75FF39FDD8C0}.Debug|x86.ActiveCfg = Debug|Any CPU
		{127F5B64-66DF-471D-800A-75FF39FDD8C0}.Debug|x86.Build.0 = Debug|Any CPU
		{127F5B64-66DF-471D-800A-75FF39FDD8C0}.Release|Any CPU.ActiveCfg = Release|Any CPU
		{127F5B64-66DF-471D-800A-75FF39FDD8C0}.Release|Any CPU.Build.0 = Release|Any CPU
		{127F5B64-66DF-471D-800A-75FF39FDD8C0}.Release|x64.ActiveCfg = Release|Any CPU
		{127F5B64-66DF-471D-800A-75FF39FDD8C0}.Release|x64.Build.0 = Release|Any CPU
		{127F5B64-66DF-471D-800A-75FF39FDD8C0}.Release|x86.ActiveCfg = Release|Any CPU
		{127F5B64-66DF-471D-800A-75FF39FDD8C0}.Release|x86.Build.0 = Release|Any CPU
		{5583F0D8-F594-4E63-878B-D1C4452A662C}.Debug|Any CPU.ActiveCfg = Debug|Any CPU
		{5583F0D8-F594-4E63-878B-D1C4452A662C}.Debug|Any CPU.Build.0 = Debug|Any CPU
		{5583F0D8-F594-4E63-878B-D1C4452A662C}.Debug|x64.ActiveCfg = Debug|Any CPU
		{5583F0D8-F594-4E63-878B-D1C4452A662C}.Debug|x64.Build.0 = Debug|Any CPU
		{5583F0D8-F594-4E63-878B-D1C4452A662C}.Debug|x86.ActiveCfg = Debug|Any CPU
		{5583F0D8-F594-4E63-878B-D1C4452A662C}.Debug|x86.Build.0 = Debug|Any CPU
		{5583F0D8-F594-4E63-878B-D1C4452A662C}.Release|Any CPU.ActiveCfg = Release|Any CPU
		{5583F0D8-F594-4E63-878B-D1C4452A662C}.Release|Any CPU.Build.0 = Release|Any CPU
		{5583F0D8-F594-4E63-878B-D1C4452A662C}.Release|x64.ActiveCfg = Release|Any CPU
		{5583F0D8-F594-4E63-878B-D1C4452A662C}.Release|x64.Build.0 = Release|Any CPU
		{5583F0D8-F594-4E63-878B-D1C4452A662C}.Release|x86.ActiveCfg = Release|Any CPU
		{5583F0D8-F594-4E63-878B-D1C4452A662C}.Release|x86.Build.0 = Release|Any CPU
		{E9199C44-9A68-44D1-BC00-CCBA85342F09}.Debug|Any CPU.ActiveCfg = Debug|Any CPU
		{E9199C44-9A68-44D1-BC00-CCBA85342F09}.Debug|Any CPU.Build.0 = Debug|Any CPU
		{E9199C44-9A68-44D1-BC00-CCBA85342F09}.Debug|x64.ActiveCfg = Debug|Any CPU
		{E9199C44-9A68-44D1-BC00-CCBA85342F09}.Debug|x64.Build.0 = Debug|Any CPU
		{E9199C44-9A68-44D1-BC00-CCBA85342F09}.Debug|x86.ActiveCfg = Debug|Any CPU
		{E9199C44-9A68-44D1-BC00-CCBA85342F09}.Debug|x86.Build.0 = Debug|Any CPU
		{E9199C44-9A68-44D1-BC00-CCBA85342F09}.Release|Any CPU.ActiveCfg = Release|Any CPU
		{E9199C44-9A68-44D1-BC00-CCBA85342F09}.Release|Any CPU.Build.0 = Release|Any CPU
		{E9199C44-9A68-44D1-BC00-CCBA85342F09}.Release|x64.ActiveCfg = Release|Any CPU
		{E9199C44-9A68-44D1-BC00-CCBA85342F09}.Release|x64.Build.0 = Release|Any CPU
		{E9199C44-9A68-44D1-BC00-CCBA85342F09}.Release|x86.ActiveCfg = Release|Any CPU
		{E9199C44-9A68-44D1-BC00-CCBA85342F09}.Release|x86.Build.0 = Release|Any CPU
	EndGlobalSection
	GlobalSection(SolutionProperties) = preSolution
		HideSolutionNode = FALSE
	EndGlobalSection
	GlobalSection(NestedProjects) = preSolution
		{8C0F46F2-0136-4510-ACC9-D7A583ABDDD2} = {2E903AB5-E882-49A7-A612-FCCB9F11D540}
		{1120443D-3709-4CAF-AF9B-A2203671DBB2} = {C69D878A-A37C-4DBD-8D90-8AF30074E3C0}
		{891CC3D5-9D84-47FD-95CC-00FBBC730752} = {C69D878A-A37C-4DBD-8D90-8AF30074E3C0}
		{7352FBF0-887C-451C-8937-68F1B50684CE} = {C69D878A-A37C-4DBD-8D90-8AF30074E3C0}
		{127F5B64-66DF-471D-800A-75FF39FDD8C0} = {2E903AB5-E882-49A7-A612-FCCB9F11D540}
		{5583F0D8-F594-4E63-878B-D1C4452A662C} = {2E903AB5-E882-49A7-A612-FCCB9F11D540}
		{E9199C44-9A68-44D1-BC00-CCBA85342F09} = {C69D878A-A37C-4DBD-8D90-8AF30074E3C0}
	EndGlobalSection
	GlobalSection(ExtensibilityGlobals) = postSolution
		SolutionGuid = {77340858-04C1-4169-93A3-121A82FA6670}
	EndGlobalSection
EndGlobal
