
Microsoft Visual Studio Solution File, Format Version 12.00
# Visual Studio 15
VisualStudioVersion = 15.0.26206.0
MinimumVisualStudioVersion = 10.0.40219.1
Project("{FAE04EC0-301F-11D3-BF4B-00C04F79EFBC}") = "MarshalPerfTest", "tests\PerfTests\MarshalPerfTest\MarshalPerfTest.csproj", "{8C0F46F2-0136-4510-ACC9-D7A583ABDDD2}"
EndProject
Project("{2150E333-8FDC-42A3-9474-1A3956D46DE8}") = "tests", "tests", "{2E903AB5-E882-49A7-A612-FCCB9F11D540}"
EndProject
Project("{2150E333-8FDC-42A3-9474-1A3956D46DE8}") = "src", "src", "{C69D878A-A37C-4DBD-8D90-8AF30074E3C0}"
EndProject
Project("{FAE04EC0-301F-11D3-BF4B-00C04F79EFBC}") = "Preformance.Tests", "tests\Preformance.Tests\Preformance.Tests.csproj", "{F1F44ABD-5A55-499A-9ECA-8C11EF5C53B7}"
EndProject
Project("{2150E333-8FDC-42A3-9474-1A3956D46DE8}") = "Solution Items", "Solution Items", "{DA31B81F-C2C8-4164-981A-C48381C3B6EF}"
EndProject
Project("{9A19103F-16F7-4668-BE54-9A1E7A4F7556}") = "FreecraftCore.Serializer", "src\FreecraftCore.Serializer\FreecraftCore.Serializer.csproj", "{1120443D-3709-4CAF-AF9B-A2203671DBB2}"
EndProject
Project("{9A19103F-16F7-4668-BE54-9A1E7A4F7556}") = "FreecraftCore.Serializer.API", "src\FreecraftCore.Serializer.API\FreecraftCore.Serializer.API.csproj", "{3924A659-7C76-40BE-A1BE-D90D6798475C}"
EndProject
Project("{9A19103F-16F7-4668-BE54-9A1E7A4F7556}") = "FreecraftCore.Serializer.API.Service", "src\FreecraftCore.Serializer.API.Service\FreecraftCore.Serializer.API.Service.csproj", "{BD840C5D-ED3D-46ED-BBBD-EB7122596078}"
EndProject
Project("{9A19103F-16F7-4668-BE54-9A1E7A4F7556}") = "FreecraftCore.Serializer.Compression", "src\FreecraftCore.Serializer.Compression\FreecraftCore.Serializer.Compression.csproj", "{1109E773-B0C0-4BBE-8706-A56A79836B3E}"
EndProject
Project("{9A19103F-16F7-4668-BE54-9A1E7A4F7556}") = "FreecraftCore.Serializer.Core", "src\FreecraftCore.Serializer.Core\FreecraftCore.Serializer.Core.csproj", "{04BCEE49-2DA4-4853-9590-D45142834951}"
EndProject
Project("{9A19103F-16F7-4668-BE54-9A1E7A4F7556}") = "FreecraftCore.Serializer.KnownTypes.Decorators", "src\FreecraftCore.Serializer.KnownTypes.Decorators\FreecraftCore.Serializer.KnownTypes.Decorators.csproj", "{498489C0-30B7-4575-83AE-3EE6DB690C6C}"
EndProject
Project("{9A19103F-16F7-4668-BE54-9A1E7A4F7556}") = "FreecraftCore.Serializer.KnownTypes.Primitives", "src\FreecraftCore.Serializer.KnownTypes.Primitives\FreecraftCore.Serializer.KnownTypes.Primitives.csproj", "{7F698E21-82F1-498C-A51C-2A748127EAD9}"
EndProject
Project("{9A19103F-16F7-4668-BE54-9A1E7A4F7556}") = "FreecraftCore.Serializer.KnownTypes.Special", "src\FreecraftCore.Serializer.KnownTypes.Special\FreecraftCore.Serializer.KnownTypes.Special.csproj", "{6F7775AA-CE2E-463C-9549-D5F855A8D0C0}"
EndProject
Project("{9A19103F-16F7-4668-BE54-9A1E7A4F7556}") = "FreecraftCore.Serializer.Metadata", "src\FreecraftCore.Serializer.Metadata\FreecraftCore.Serializer.Metadata.csproj", "{891CC3D5-9D84-47FD-95CC-00FBBC730752}"
EndProject
Project("{9A19103F-16F7-4668-BE54-9A1E7A4F7556}") = "FreecraftCore.Serializer.Stream", "src\FreecraftCore.Serializer.Stream\FreecraftCore.Serializer.Stream.csproj", "{7352FBF0-887C-451C-8937-68F1B50684CE}"
EndProject
Project("{9A19103F-16F7-4668-BE54-9A1E7A4F7556}") = "FreecraftCore.Serializer.Stream.Default", "src\FreecraftCore.Serializer.Stream.Default\FreecraftCore.Serializer.Stream.Default.csproj", "{06F808AE-EF7B-437E-9FF2-67F62DB1AA7D}"
EndProject
Project("{9A19103F-16F7-4668-BE54-9A1E7A4F7556}") = "FreecraftCore.Serializer.Metadata.Internal", "src\FreecraftCore.Serializer.Metadata.Internal\FreecraftCore.Serializer.Metadata.Internal.csproj", "{CCFE27A3-F371-43A5-8ECF-AB0BDF60DF0C}"
EndProject
Project("{FAE04EC0-301F-11D3-BF4B-00C04F79EFBC}") = "FreecraftCore.Serializer.Tests", "tests\FreecraftCore.Serializer.Tests\FreecraftCore.Serializer.Tests.csproj", "{CA161BD8-EB56-47B7-A735-865B8E73D4F9}"
EndProject
Global
	GlobalSection(SolutionConfigurationPlatforms) = preSolution
		Debug|Any CPU = Debug|Any CPU
		Debug|x64 = Debug|x64
		Debug|x86 = Debug|x86
		Release|Any CPU = Release|Any CPU
		Release|x64 = Release|x64
		Release|x86 = Release|x86
	EndGlobalSection
	GlobalSection(ProjectConfigurationPlatforms) = postSolution
		{8C0F46F2-0136-4510-ACC9-D7A583ABDDD2}.Debug|Any CPU.ActiveCfg = Debug|Any CPU
		{8C0F46F2-0136-4510-ACC9-D7A583ABDDD2}.Debug|Any CPU.Build.0 = Debug|Any CPU
		{8C0F46F2-0136-4510-ACC9-D7A583ABDDD2}.Debug|x64.ActiveCfg = Debug|Any CPU
		{8C0F46F2-0136-4510-ACC9-D7A583ABDDD2}.Debug|x64.Build.0 = Debug|Any CPU
		{8C0F46F2-0136-4510-ACC9-D7A583ABDDD2}.Debug|x86.ActiveCfg = Debug|Any CPU
		{8C0F46F2-0136-4510-ACC9-D7A583ABDDD2}.Debug|x86.Build.0 = Debug|Any CPU
		{8C0F46F2-0136-4510-ACC9-D7A583ABDDD2}.Release|Any CPU.ActiveCfg = Release|Any CPU
		{8C0F46F2-0136-4510-ACC9-D7A583ABDDD2}.Release|Any CPU.Build.0 = Release|Any CPU
		{8C0F46F2-0136-4510-ACC9-D7A583ABDDD2}.Release|x64.ActiveCfg = Release|Any CPU
		{8C0F46F2-0136-4510-ACC9-D7A583ABDDD2}.Release|x64.Build.0 = Release|Any CPU
		{8C0F46F2-0136-4510-ACC9-D7A583ABDDD2}.Release|x86.ActiveCfg = Release|Any CPU
		{8C0F46F2-0136-4510-ACC9-D7A583ABDDD2}.Release|x86.Build.0 = Release|Any CPU
		{F1F44ABD-5A55-499A-9ECA-8C11EF5C53B7}.Debug|Any CPU.ActiveCfg = Debug|Any CPU
		{F1F44ABD-5A55-499A-9ECA-8C11EF5C53B7}.Debug|Any CPU.Build.0 = Debug|Any CPU
		{F1F44ABD-5A55-499A-9ECA-8C11EF5C53B7}.Debug|x64.ActiveCfg = Debug|Any CPU
		{F1F44ABD-5A55-499A-9ECA-8C11EF5C53B7}.Debug|x64.Build.0 = Debug|Any CPU
		{F1F44ABD-5A55-499A-9ECA-8C11EF5C53B7}.Debug|x86.ActiveCfg = Debug|Any CPU
		{F1F44ABD-5A55-499A-9ECA-8C11EF5C53B7}.Debug|x86.Build.0 = Debug|Any CPU
		{F1F44ABD-5A55-499A-9ECA-8C11EF5C53B7}.Release|Any CPU.ActiveCfg = Release|Any CPU
		{F1F44ABD-5A55-499A-9ECA-8C11EF5C53B7}.Release|Any CPU.Build.0 = Release|Any CPU
		{F1F44ABD-5A55-499A-9ECA-8C11EF5C53B7}.Release|x64.ActiveCfg = Release|Any CPU
		{F1F44ABD-5A55-499A-9ECA-8C11EF5C53B7}.Release|x64.Build.0 = Release|Any CPU
		{F1F44ABD-5A55-499A-9ECA-8C11EF5C53B7}.Release|x86.ActiveCfg = Release|Any CPU
		{F1F44ABD-5A55-499A-9ECA-8C11EF5C53B7}.Release|x86.Build.0 = Release|Any CPU
		{1120443D-3709-4CAF-AF9B-A2203671DBB2}.Debug|Any CPU.ActiveCfg = Debug|Any CPU
		{1120443D-3709-4CAF-AF9B-A2203671DBB2}.Debug|Any CPU.Build.0 = Debug|Any CPU
		{1120443D-3709-4CAF-AF9B-A2203671DBB2}.Debug|x64.ActiveCfg = Debug|x64
		{1120443D-3709-4CAF-AF9B-A2203671DBB2}.Debug|x64.Build.0 = Debug|x64
		{1120443D-3709-4CAF-AF9B-A2203671DBB2}.Debug|x86.ActiveCfg = Debug|x86
		{1120443D-3709-4CAF-AF9B-A2203671DBB2}.Debug|x86.Build.0 = Debug|x86
		{1120443D-3709-4CAF-AF9B-A2203671DBB2}.Release|Any CPU.ActiveCfg = Release|Any CPU
		{1120443D-3709-4CAF-AF9B-A2203671DBB2}.Release|Any CPU.Build.0 = Release|Any CPU
		{1120443D-3709-4CAF-AF9B-A2203671DBB2}.Release|x64.ActiveCfg = Release|x64
		{1120443D-3709-4CAF-AF9B-A2203671DBB2}.Release|x64.Build.0 = Release|x64
		{1120443D-3709-4CAF-AF9B-A2203671DBB2}.Release|x86.ActiveCfg = Release|x86
		{1120443D-3709-4CAF-AF9B-A2203671DBB2}.Release|x86.Build.0 = Release|x86
		{3924A659-7C76-40BE-A1BE-D90D6798475C}.Debug|Any CPU.ActiveCfg = Debug|Any CPU
		{3924A659-7C76-40BE-A1BE-D90D6798475C}.Debug|Any CPU.Build.0 = Debug|Any CPU
		{3924A659-7C76-40BE-A1BE-D90D6798475C}.Debug|x64.ActiveCfg = Debug|x64
		{3924A659-7C76-40BE-A1BE-D90D6798475C}.Debug|x64.Build.0 = Debug|x64
		{3924A659-7C76-40BE-A1BE-D90D6798475C}.Debug|x86.ActiveCfg = Debug|x86
		{3924A659-7C76-40BE-A1BE-D90D6798475C}.Debug|x86.Build.0 = Debug|x86
		{3924A659-7C76-40BE-A1BE-D90D6798475C}.Release|Any CPU.ActiveCfg = Release|Any CPU
		{3924A659-7C76-40BE-A1BE-D90D6798475C}.Release|Any CPU.Build.0 = Release|Any CPU
		{3924A659-7C76-40BE-A1BE-D90D6798475C}.Release|x64.ActiveCfg = Release|x64
		{3924A659-7C76-40BE-A1BE-D90D6798475C}.Release|x64.Build.0 = Release|x64
		{3924A659-7C76-40BE-A1BE-D90D6798475C}.Release|x86.ActiveCfg = Release|x86
		{3924A659-7C76-40BE-A1BE-D90D6798475C}.Release|x86.Build.0 = Release|x86
		{BD840C5D-ED3D-46ED-BBBD-EB7122596078}.Debug|Any CPU.ActiveCfg = Debug|Any CPU
		{BD840C5D-ED3D-46ED-BBBD-EB7122596078}.Debug|Any CPU.Build.0 = Debug|Any CPU
		{BD840C5D-ED3D-46ED-BBBD-EB7122596078}.Debug|x64.ActiveCfg = Debug|x64
		{BD840C5D-ED3D-46ED-BBBD-EB7122596078}.Debug|x64.Build.0 = Debug|x64
		{BD840C5D-ED3D-46ED-BBBD-EB7122596078}.Debug|x86.ActiveCfg = Debug|x86
		{BD840C5D-ED3D-46ED-BBBD-EB7122596078}.Debug|x86.Build.0 = Debug|x86
		{BD840C5D-ED3D-46ED-BBBD-EB7122596078}.Release|Any CPU.ActiveCfg = Release|Any CPU
		{BD840C5D-ED3D-46ED-BBBD-EB7122596078}.Release|Any CPU.Build.0 = Release|Any CPU
		{BD840C5D-ED3D-46ED-BBBD-EB7122596078}.Release|x64.ActiveCfg = Release|x64
		{BD840C5D-ED3D-46ED-BBBD-EB7122596078}.Release|x64.Build.0 = Release|x64
		{BD840C5D-ED3D-46ED-BBBD-EB7122596078}.Release|x86.ActiveCfg = Release|x86
		{BD840C5D-ED3D-46ED-BBBD-EB7122596078}.Release|x86.Build.0 = Release|x86
		{1109E773-B0C0-4BBE-8706-A56A79836B3E}.Debug|Any CPU.ActiveCfg = Debug|Any CPU
		{1109E773-B0C0-4BBE-8706-A56A79836B3E}.Debug|Any CPU.Build.0 = Debug|Any CPU
		{1109E773-B0C0-4BBE-8706-A56A79836B3E}.Debug|x64.ActiveCfg = Debug|x64
		{1109E773-B0C0-4BBE-8706-A56A79836B3E}.Debug|x64.Build.0 = Debug|x64
		{1109E773-B0C0-4BBE-8706-A56A79836B3E}.Debug|x86.ActiveCfg = Debug|x86
		{1109E773-B0C0-4BBE-8706-A56A79836B3E}.Debug|x86.Build.0 = Debug|x86
		{1109E773-B0C0-4BBE-8706-A56A79836B3E}.Release|Any CPU.ActiveCfg = Release|Any CPU
		{1109E773-B0C0-4BBE-8706-A56A79836B3E}.Release|Any CPU.Build.0 = Release|Any CPU
		{1109E773-B0C0-4BBE-8706-A56A79836B3E}.Release|x64.ActiveCfg = Release|x64
		{1109E773-B0C0-4BBE-8706-A56A79836B3E}.Release|x64.Build.0 = Release|x64
		{1109E773-B0C0-4BBE-8706-A56A79836B3E}.Release|x86.ActiveCfg = Release|x86
		{1109E773-B0C0-4BBE-8706-A56A79836B3E}.Release|x86.Build.0 = Release|x86
		{04BCEE49-2DA4-4853-9590-D45142834951}.Debug|Any CPU.ActiveCfg = Debug|Any CPU
		{04BCEE49-2DA4-4853-9590-D45142834951}.Debug|Any CPU.Build.0 = Debug|Any CPU
		{04BCEE49-2DA4-4853-9590-D45142834951}.Debug|x64.ActiveCfg = Debug|x64
		{04BCEE49-2DA4-4853-9590-D45142834951}.Debug|x64.Build.0 = Debug|x64
		{04BCEE49-2DA4-4853-9590-D45142834951}.Debug|x86.ActiveCfg = Debug|x86
		{04BCEE49-2DA4-4853-9590-D45142834951}.Debug|x86.Build.0 = Debug|x86
		{04BCEE49-2DA4-4853-9590-D45142834951}.Release|Any CPU.ActiveCfg = Release|Any CPU
		{04BCEE49-2DA4-4853-9590-D45142834951}.Release|Any CPU.Build.0 = Release|Any CPU
		{04BCEE49-2DA4-4853-9590-D45142834951}.Release|x64.ActiveCfg = Release|x64
		{04BCEE49-2DA4-4853-9590-D45142834951}.Release|x64.Build.0 = Release|x64
		{04BCEE49-2DA4-4853-9590-D45142834951}.Release|x86.ActiveCfg = Release|x86
		{04BCEE49-2DA4-4853-9590-D45142834951}.Release|x86.Build.0 = Release|x86
		{498489C0-30B7-4575-83AE-3EE6DB690C6C}.Debug|Any CPU.ActiveCfg = Debug|Any CPU
		{498489C0-30B7-4575-83AE-3EE6DB690C6C}.Debug|Any CPU.Build.0 = Debug|Any CPU
		{498489C0-30B7-4575-83AE-3EE6DB690C6C}.Debug|x64.ActiveCfg = Debug|x64
		{498489C0-30B7-4575-83AE-3EE6DB690C6C}.Debug|x64.Build.0 = Debug|x64
		{498489C0-30B7-4575-83AE-3EE6DB690C6C}.Debug|x86.ActiveCfg = Debug|x86
		{498489C0-30B7-4575-83AE-3EE6DB690C6C}.Debug|x86.Build.0 = Debug|x86
		{498489C0-30B7-4575-83AE-3EE6DB690C6C}.Release|Any CPU.ActiveCfg = Release|Any CPU
		{498489C0-30B7-4575-83AE-3EE6DB690C6C}.Release|Any CPU.Build.0 = Release|Any CPU
		{498489C0-30B7-4575-83AE-3EE6DB690C6C}.Release|x64.ActiveCfg = Release|x64
		{498489C0-30B7-4575-83AE-3EE6DB690C6C}.Release|x64.Build.0 = Release|x64
		{498489C0-30B7-4575-83AE-3EE6DB690C6C}.Release|x86.ActiveCfg = Release|x86
		{498489C0-30B7-4575-83AE-3EE6DB690C6C}.Release|x86.Build.0 = Release|x86
		{7F698E21-82F1-498C-A51C-2A748127EAD9}.Debug|Any CPU.ActiveCfg = Debug|Any CPU
		{7F698E21-82F1-498C-A51C-2A748127EAD9}.Debug|Any CPU.Build.0 = Debug|Any CPU
		{7F698E21-82F1-498C-A51C-2A748127EAD9}.Debug|x64.ActiveCfg = Debug|x64
		{7F698E21-82F1-498C-A51C-2A748127EAD9}.Debug|x64.Build.0 = Debug|x64
		{7F698E21-82F1-498C-A51C-2A748127EAD9}.Debug|x86.ActiveCfg = Debug|x86
		{7F698E21-82F1-498C-A51C-2A748127EAD9}.Debug|x86.Build.0 = Debug|x86
		{7F698E21-82F1-498C-A51C-2A748127EAD9}.Release|Any CPU.ActiveCfg = Release|Any CPU
		{7F698E21-82F1-498C-A51C-2A748127EAD9}.Release|Any CPU.Build.0 = Release|Any CPU
		{7F698E21-82F1-498C-A51C-2A748127EAD9}.Release|x64.ActiveCfg = Release|x64
		{7F698E21-82F1-498C-A51C-2A748127EAD9}.Release|x64.Build.0 = Release|x64
		{7F698E21-82F1-498C-A51C-2A748127EAD9}.Release|x86.ActiveCfg = Release|x86
		{7F698E21-82F1-498C-A51C-2A748127EAD9}.Release|x86.Build.0 = Release|x86
		{6F7775AA-CE2E-463C-9549-D5F855A8D0C0}.Debug|Any CPU.ActiveCfg = Debug|Any CPU
		{6F7775AA-CE2E-463C-9549-D5F855A8D0C0}.Debug|Any CPU.Build.0 = Debug|Any CPU
		{6F7775AA-CE2E-463C-9549-D5F855A8D0C0}.Debug|x64.ActiveCfg = Debug|x64
		{6F7775AA-CE2E-463C-9549-D5F855A8D0C0}.Debug|x64.Build.0 = Debug|x64
		{6F7775AA-CE2E-463C-9549-D5F855A8D0C0}.Debug|x86.ActiveCfg = Debug|x86
		{6F7775AA-CE2E-463C-9549-D5F855A8D0C0}.Debug|x86.Build.0 = Debug|x86
		{6F7775AA-CE2E-463C-9549-D5F855A8D0C0}.Release|Any CPU.ActiveCfg = Release|Any CPU
		{6F7775AA-CE2E-463C-9549-D5F855A8D0C0}.Release|Any CPU.Build.0 = Release|Any CPU
		{6F7775AA-CE2E-463C-9549-D5F855A8D0C0}.Release|x64.ActiveCfg = Release|x64
		{6F7775AA-CE2E-463C-9549-D5F855A8D0C0}.Release|x64.Build.0 = Release|x64
		{6F7775AA-CE2E-463C-9549-D5F855A8D0C0}.Release|x86.ActiveCfg = Release|x86
		{6F7775AA-CE2E-463C-9549-D5F855A8D0C0}.Release|x86.Build.0 = Release|x86
		{891CC3D5-9D84-47FD-95CC-00FBBC730752}.Debug|Any CPU.ActiveCfg = Debug|Any CPU
		{891CC3D5-9D84-47FD-95CC-00FBBC730752}.Debug|Any CPU.Build.0 = Debug|Any CPU
		{891CC3D5-9D84-47FD-95CC-00FBBC730752}.Debug|x64.ActiveCfg = Debug|x64
		{891CC3D5-9D84-47FD-95CC-00FBBC730752}.Debug|x64.Build.0 = Debug|x64
		{891CC3D5-9D84-47FD-95CC-00FBBC730752}.Debug|x86.ActiveCfg = Debug|x86
		{891CC3D5-9D84-47FD-95CC-00FBBC730752}.Debug|x86.Build.0 = Debug|x86
		{891CC3D5-9D84-47FD-95CC-00FBBC730752}.Release|Any CPU.ActiveCfg = Release|Any CPU
		{891CC3D5-9D84-47FD-95CC-00FBBC730752}.Release|Any CPU.Build.0 = Release|Any CPU
		{891CC3D5-9D84-47FD-95CC-00FBBC730752}.Release|x64.ActiveCfg = Release|x64
		{891CC3D5-9D84-47FD-95CC-00FBBC730752}.Release|x64.Build.0 = Release|x64
		{891CC3D5-9D84-47FD-95CC-00FBBC730752}.Release|x86.ActiveCfg = Release|x86
		{891CC3D5-9D84-47FD-95CC-00FBBC730752}.Release|x86.Build.0 = Release|x86
		{7352FBF0-887C-451C-8937-68F1B50684CE}.Debug|Any CPU.ActiveCfg = Debug|Any CPU
		{7352FBF0-887C-451C-8937-68F1B50684CE}.Debug|Any CPU.Build.0 = Debug|Any CPU
		{7352FBF0-887C-451C-8937-68F1B50684CE}.Debug|x64.ActiveCfg = Debug|x64
		{7352FBF0-887C-451C-8937-68F1B50684CE}.Debug|x64.Build.0 = Debug|x64
		{7352FBF0-887C-451C-8937-68F1B50684CE}.Debug|x86.ActiveCfg = Debug|x86
		{7352FBF0-887C-451C-8937-68F1B50684CE}.Debug|x86.Build.0 = Debug|x86
		{7352FBF0-887C-451C-8937-68F1B50684CE}.Release|Any CPU.ActiveCfg = Release|Any CPU
		{7352FBF0-887C-451C-8937-68F1B50684CE}.Release|Any CPU.Build.0 = Release|Any CPU
		{7352FBF0-887C-451C-8937-68F1B50684CE}.Release|x64.ActiveCfg = Release|x64
		{7352FBF0-887C-451C-8937-68F1B50684CE}.Release|x64.Build.0 = Release|x64
		{7352FBF0-887C-451C-8937-68F1B50684CE}.Release|x86.ActiveCfg = Release|x86
		{7352FBF0-887C-451C-8937-68F1B50684CE}.Release|x86.Build.0 = Release|x86
		{06F808AE-EF7B-437E-9FF2-67F62DB1AA7D}.Debug|Any CPU.ActiveCfg = Debug|Any CPU
		{06F808AE-EF7B-437E-9FF2-67F62DB1AA7D}.Debug|Any CPU.Build.0 = Debug|Any CPU
		{06F808AE-EF7B-437E-9FF2-67F62DB1AA7D}.Debug|x64.ActiveCfg = Debug|x64
		{06F808AE-EF7B-437E-9FF2-67F62DB1AA7D}.Debug|x64.Build.0 = Debug|x64
		{06F808AE-EF7B-437E-9FF2-67F62DB1AA7D}.Debug|x86.ActiveCfg = Debug|x86
		{06F808AE-EF7B-437E-9FF2-67F62DB1AA7D}.Debug|x86.Build.0 = Debug|x86
		{06F808AE-EF7B-437E-9FF2-67F62DB1AA7D}.Release|Any CPU.ActiveCfg = Release|Any CPU
		{06F808AE-EF7B-437E-9FF2-67F62DB1AA7D}.Release|Any CPU.Build.0 = Release|Any CPU
		{06F808AE-EF7B-437E-9FF2-67F62DB1AA7D}.Release|x64.ActiveCfg = Release|x64
		{06F808AE-EF7B-437E-9FF2-67F62DB1AA7D}.Release|x64.Build.0 = Release|x64
		{06F808AE-EF7B-437E-9FF2-67F62DB1AA7D}.Release|x86.ActiveCfg = Release|x86
		{06F808AE-EF7B-437E-9FF2-67F62DB1AA7D}.Release|x86.Build.0 = Release|x86
		{CCFE27A3-F371-43A5-8ECF-AB0BDF60DF0C}.Debug|Any CPU.ActiveCfg = Debug|Any CPU
		{CCFE27A3-F371-43A5-8ECF-AB0BDF60DF0C}.Debug|Any CPU.Build.0 = Debug|Any CPU
		{CCFE27A3-F371-43A5-8ECF-AB0BDF60DF0C}.Debug|x64.ActiveCfg = Debug|x64
		{CCFE27A3-F371-43A5-8ECF-AB0BDF60DF0C}.Debug|x64.Build.0 = Debug|x64
		{CCFE27A3-F371-43A5-8ECF-AB0BDF60DF0C}.Debug|x86.ActiveCfg = Debug|x86
		{CCFE27A3-F371-43A5-8ECF-AB0BDF60DF0C}.Debug|x86.Build.0 = Debug|x86
		{CCFE27A3-F371-43A5-8ECF-AB0BDF60DF0C}.Release|Any CPU.ActiveCfg = Release|Any CPU
		{CCFE27A3-F371-43A5-8ECF-AB0BDF60DF0C}.Release|Any CPU.Build.0 = Release|Any CPU
		{CCFE27A3-F371-43A5-8ECF-AB0BDF60DF0C}.Release|x64.ActiveCfg = Release|x64
		{CCFE27A3-F371-43A5-8ECF-AB0BDF60DF0C}.Release|x64.Build.0 = Release|x64
		{CCFE27A3-F371-43A5-8ECF-AB0BDF60DF0C}.Release|x86.ActiveCfg = Release|x86
		{CCFE27A3-F371-43A5-8ECF-AB0BDF60DF0C}.Release|x86.Build.0 = Release|x86
		{CA161BD8-EB56-47B7-A735-865B8E73D4F9}.Debug|Any CPU.ActiveCfg = Debug|Any CPU
		{CA161BD8-EB56-47B7-A735-865B8E73D4F9}.Debug|Any CPU.Build.0 = Debug|Any CPU
		{CA161BD8-EB56-47B7-A735-865B8E73D4F9}.Debug|x64.ActiveCfg = Debug|Any CPU
		{CA161BD8-EB56-47B7-A735-865B8E73D4F9}.Debug|x64.Build.0 = Debug|Any CPU
		{CA161BD8-EB56-47B7-A735-865B8E73D4F9}.Debug|x86.ActiveCfg = Debug|Any CPU
		{CA161BD8-EB56-47B7-A735-865B8E73D4F9}.Debug|x86.Build.0 = Debug|Any CPU
		{CA161BD8-EB56-47B7-A735-865B8E73D4F9}.Release|Any CPU.ActiveCfg = Release|Any CPU
		{CA161BD8-EB56-47B7-A735-865B8E73D4F9}.Release|Any CPU.Build.0 = Release|Any CPU
		{CA161BD8-EB56-47B7-A735-865B8E73D4F9}.Release|x64.ActiveCfg = Release|Any CPU
		{CA161BD8-EB56-47B7-A735-865B8E73D4F9}.Release|x64.Build.0 = Release|Any CPU
		{CA161BD8-EB56-47B7-A735-865B8E73D4F9}.Release|x86.ActiveCfg = Release|Any CPU
		{CA161BD8-EB56-47B7-A735-865B8E73D4F9}.Release|x86.Build.0 = Release|Any CPU
	EndGlobalSection
	GlobalSection(SolutionProperties) = preSolution
		HideSolutionNode = FALSE
	EndGlobalSection
	GlobalSection(NestedProjects) = preSolution
		{8C0F46F2-0136-4510-ACC9-D7A583ABDDD2} = {2E903AB5-E882-49A7-A612-FCCB9F11D540}
		{F1F44ABD-5A55-499A-9ECA-8C11EF5C53B7} = {2E903AB5-E882-49A7-A612-FCCB9F11D540}
		{1120443D-3709-4CAF-AF9B-A2203671DBB2} = {C69D878A-A37C-4DBD-8D90-8AF30074E3C0}
		{3924A659-7C76-40BE-A1BE-D90D6798475C} = {C69D878A-A37C-4DBD-8D90-8AF30074E3C0}
		{BD840C5D-ED3D-46ED-BBBD-EB7122596078} = {C69D878A-A37C-4DBD-8D90-8AF30074E3C0}
		{1109E773-B0C0-4BBE-8706-A56A79836B3E} = {C69D878A-A37C-4DBD-8D90-8AF30074E3C0}
		{04BCEE49-2DA4-4853-9590-D45142834951} = {C69D878A-A37C-4DBD-8D90-8AF30074E3C0}
		{498489C0-30B7-4575-83AE-3EE6DB690C6C} = {C69D878A-A37C-4DBD-8D90-8AF30074E3C0}
		{7F698E21-82F1-498C-A51C-2A748127EAD9} = {C69D878A-A37C-4DBD-8D90-8AF30074E3C0}
		{6F7775AA-CE2E-463C-9549-D5F855A8D0C0} = {C69D878A-A37C-4DBD-8D90-8AF30074E3C0}
		{891CC3D5-9D84-47FD-95CC-00FBBC730752} = {C69D878A-A37C-4DBD-8D90-8AF30074E3C0}
		{7352FBF0-887C-451C-8937-68F1B50684CE} = {C69D878A-A37C-4DBD-8D90-8AF30074E3C0}
		{06F808AE-EF7B-437E-9FF2-67F62DB1AA7D} = {C69D878A-A37C-4DBD-8D90-8AF30074E3C0}
		{CCFE27A3-F371-43A5-8ECF-AB0BDF60DF0C} = {C69D878A-A37C-4DBD-8D90-8AF30074E3C0}
		{CA161BD8-EB56-47B7-A735-865B8E73D4F9} = {2E903AB5-E882-49A7-A612-FCCB9F11D540}
	EndGlobalSection
EndGlobal
