
Microsoft Visual Studio Solution File, Format Version 12.00
# Visual Studio Version 16
VisualStudioVersion = 16.0.29728.190
MinimumVisualStudioVersion = 10.0.40219.1
Project("{FAE04EC0-301F-11D3-BF4B-00C04F79EFBC}") = "MarshalPerfTest", "tests\PerfTests\MarshalPerfTest\MarshalPerfTest.csproj", "{8C0F46F2-0136-4510-ACC9-D7A583ABDDD2}"
EndProject
Project("{2150E333-8FDC-42A3-9474-1A3956D46DE8}") = "tests", "tests", "{2E903AB5-E882-49A7-A612-FCCB9F11D540}"
EndProject
Project("{2150E333-8FDC-42A3-9474-1A3956D46DE8}") = "src", "src", "{C69D878A-A37C-4DBD-8D90-8AF30074E3C0}"
EndProject
Project("{9A19103F-16F7-4668-BE54-9A1E7A4F7556}") = "FreecraftCore.Serializer", "src\FreecraftCore.Serializer\FreecraftCore.Serializer.csproj", "{1120443D-3709-4CAF-AF9B-A2203671DBB2}"
EndProject
Project("{9A19103F-16F7-4668-BE54-9A1E7A4F7556}") = "FreecraftCore.Serializer.Metadata", "src\FreecraftCore.Serializer.Metadata\FreecraftCore.Serializer.Metadata.csproj", "{891CC3D5-9D84-47FD-95CC-00FBBC730752}"
EndProject
Project("{9A19103F-16F7-4668-BE54-9A1E7A4F7556}") = "FreecraftCore.Serialization.Tests", "tests\FreecraftCore.Serialization.Tests\FreecraftCore.Serialization.Tests.csproj", "{5583F0D8-F594-4E63-878B-D1C4452A662C}"
EndProject
Project("{9A19103F-16F7-4668-BE54-9A1E7A4F7556}") = "FreecraftCore.Serializer.Compiler", "src\FreecraftCore.Serializer.Compiler\FreecraftCore.Serializer.Compiler.csproj", "{EA995598-1AAE-4CA7-B464-4E00CCEB4872}"
EndProject
Project("{9A19103F-16F7-4668-BE54-9A1E7A4F7556}") = "FreecraftCore.Serializer.Compiler.ManualTest", "tests\FreecraftCore.Serializer.Compiler.ManualTest\FreecraftCore.Serializer.Compiler.ManualTest.csproj", "{43535DB9-CE26-4E50-ACDC-8FAE56D2EFF3}"
EndProject
Project("{FAE04EC0-301F-11D3-BF4B-00C04F79EFBC}") = "FreecraftCore.Serializer.Performance.Tests", "tests\FreecraftCore.Serializer.Performance.Tests\FreecraftCore.Serializer.Performance.Tests.csproj", "{A884F121-1D94-4C0B-966F-B91E1F295A7A}"
EndProject
Global
	GlobalSection(SolutionConfigurationPlatforms) = preSolution
		Debug|Any CPU = Debug|Any CPU
		Debug|x64 = Debug|x64
		Debug|x86 = Debug|x86
		Release|Any CPU = Release|Any CPU
		Release|x64 = Release|x64
		Release|x86 = Release|x86
	EndGlobalSection
	GlobalSection(ProjectConfigurationPlatforms) = postSolution
		{8C0F46F2-0136-4510-ACC9-D7A583ABDDD2}.Debug|Any CPU.ActiveCfg = Debug|Any CPU
		{8C0F46F2-0136-4510-ACC9-D7A583ABDDD2}.Debug|Any CPU.Build.0 = Debug|Any CPU
		{8C0F46F2-0136-4510-ACC9-D7A583ABDDD2}.Debug|x64.ActiveCfg = Debug|Any CPU
		{8C0F46F2-0136-4510-ACC9-D7A583ABDDD2}.Debug|x64.Build.0 = Debug|Any CPU
		{8C0F46F2-0136-4510-ACC9-D7A583ABDDD2}.Debug|x86.ActiveCfg = Debug|Any CPU
		{8C0F46F2-0136-4510-ACC9-D7A583ABDDD2}.Debug|x86.Build.0 = Debug|Any CPU
		{8C0F46F2-0136-4510-ACC9-D7A583ABDDD2}.Release|Any CPU.ActiveCfg = Release|Any CPU
		{8C0F46F2-0136-4510-ACC9-D7A583ABDDD2}.Release|Any CPU.Build.0 = Release|Any CPU
		{8C0F46F2-0136-4510-ACC9-D7A583ABDDD2}.Release|x64.ActiveCfg = Release|Any CPU
		{8C0F46F2-0136-4510-ACC9-D7A583ABDDD2}.Release|x64.Build.0 = Release|Any CPU
		{8C0F46F2-0136-4510-ACC9-D7A583ABDDD2}.Release|x86.ActiveCfg = Release|Any CPU
		{8C0F46F2-0136-4510-ACC9-D7A583ABDDD2}.Release|x86.Build.0 = Release|Any CPU
		{1120443D-3709-4CAF-AF9B-A2203671DBB2}.Debug|Any CPU.ActiveCfg = Debug|Any CPU
		{1120443D-3709-4CAF-AF9B-A2203671DBB2}.Debug|Any CPU.Build.0 = Debug|Any CPU
		{1120443D-3709-4CAF-AF9B-A2203671DBB2}.Debug|x64.ActiveCfg = Debug|Any CPU
		{1120443D-3709-4CAF-AF9B-A2203671DBB2}.Debug|x64.Build.0 = Debug|Any CPU
		{1120443D-3709-4CAF-AF9B-A2203671DBB2}.Debug|x86.ActiveCfg = Debug|Any CPU
		{1120443D-3709-4CAF-AF9B-A2203671DBB2}.Debug|x86.Build.0 = Debug|Any CPU
		{1120443D-3709-4CAF-AF9B-A2203671DBB2}.Release|Any CPU.ActiveCfg = Release|Any CPU
		{1120443D-3709-4CAF-AF9B-A2203671DBB2}.Release|Any CPU.Build.0 = Release|Any CPU
		{1120443D-3709-4CAF-AF9B-A2203671DBB2}.Release|x64.ActiveCfg = Release|Any CPU
		{1120443D-3709-4CAF-AF9B-A2203671DBB2}.Release|x64.Build.0 = Release|Any CPU
		{1120443D-3709-4CAF-AF9B-A2203671DBB2}.Release|x86.ActiveCfg = Release|Any CPU
		{1120443D-3709-4CAF-AF9B-A2203671DBB2}.Release|x86.Build.0 = Release|Any CPU
		{891CC3D5-9D84-47FD-95CC-00FBBC730752}.Debug|Any CPU.ActiveCfg = Debug|Any CPU
		{891CC3D5-9D84-47FD-95CC-00FBBC730752}.Debug|Any CPU.Build.0 = Debug|Any CPU
		{891CC3D5-9D84-47FD-95CC-00FBBC730752}.Debug|x64.ActiveCfg = Debug|Any CPU
		{891CC3D5-9D84-47FD-95CC-00FBBC730752}.Debug|x64.Build.0 = Debug|Any CPU
		{891CC3D5-9D84-47FD-95CC-00FBBC730752}.Debug|x86.ActiveCfg = Debug|Any CPU
		{891CC3D5-9D84-47FD-95CC-00FBBC730752}.Debug|x86.Build.0 = Debug|Any CPU
		{891CC3D5-9D84-47FD-95CC-00FBBC730752}.Release|Any CPU.ActiveCfg = Release|Any CPU
		{891CC3D5-9D84-47FD-95CC-00FBBC730752}.Release|Any CPU.Build.0 = Release|Any CPU
		{891CC3D5-9D84-47FD-95CC-00FBBC730752}.Release|x64.ActiveCfg = Release|Any CPU
		{891CC3D5-9D84-47FD-95CC-00FBBC730752}.Release|x64.Build.0 = Release|Any CPU
		{891CC3D5-9D84-47FD-95CC-00FBBC730752}.Release|x86.ActiveCfg = Release|Any CPU
		{891CC3D5-9D84-47FD-95CC-00FBBC730752}.Release|x86.Build.0 = Release|Any CPU
		{5583F0D8-F594-4E63-878B-D1C4452A662C}.Debug|Any CPU.ActiveCfg = Debug|Any CPU
		{5583F0D8-F594-4E63-878B-D1C4452A662C}.Debug|Any CPU.Build.0 = Debug|Any CPU
		{5583F0D8-F594-4E63-878B-D1C4452A662C}.Debug|x64.ActiveCfg = Debug|Any CPU
		{5583F0D8-F594-4E63-878B-D1C4452A662C}.Debug|x64.Build.0 = Debug|Any CPU
		{5583F0D8-F594-4E63-878B-D1C4452A662C}.Debug|x86.ActiveCfg = Debug|Any CPU
		{5583F0D8-F594-4E63-878B-D1C4452A662C}.Debug|x86.Build.0 = Debug|Any CPU
		{5583F0D8-F594-4E63-878B-D1C4452A662C}.Release|Any CPU.ActiveCfg = Release|Any CPU
		{5583F0D8-F594-4E63-878B-D1C4452A662C}.Release|Any CPU.Build.0 = Release|Any CPU
		{5583F0D8-F594-4E63-878B-D1C4452A662C}.Release|x64.ActiveCfg = Release|Any CPU
		{5583F0D8-F594-4E63-878B-D1C4452A662C}.Release|x64.Build.0 = Release|Any CPU
		{5583F0D8-F594-4E63-878B-D1C4452A662C}.Release|x86.ActiveCfg = Release|Any CPU
		{5583F0D8-F594-4E63-878B-D1C4452A662C}.Release|x86.Build.0 = Release|Any CPU
		{EA995598-1AAE-4CA7-B464-4E00CCEB4872}.Debug|Any CPU.ActiveCfg = Debug|Any CPU
		{EA995598-1AAE-4CA7-B464-4E00CCEB4872}.Debug|Any CPU.Build.0 = Debug|Any CPU
		{EA995598-1AAE-4CA7-B464-4E00CCEB4872}.Debug|x64.ActiveCfg = Debug|Any CPU
		{EA995598-1AAE-4CA7-B464-4E00CCEB4872}.Debug|x64.Build.0 = Debug|Any CPU
		{EA995598-1AAE-4CA7-B464-4E00CCEB4872}.Debug|x86.ActiveCfg = Debug|Any CPU
		{EA995598-1AAE-4CA7-B464-4E00CCEB4872}.Debug|x86.Build.0 = Debug|Any CPU
		{EA995598-1AAE-4CA7-B464-4E00CCEB4872}.Release|Any CPU.ActiveCfg = Release|Any CPU
		{EA995598-1AAE-4CA7-B464-4E00CCEB4872}.Release|Any CPU.Build.0 = Release|Any CPU
		{EA995598-1AAE-4CA7-B464-4E00CCEB4872}.Release|x64.ActiveCfg = Release|Any CPU
		{EA995598-1AAE-4CA7-B464-4E00CCEB4872}.Release|x64.Build.0 = Release|Any CPU
		{EA995598-1AAE-4CA7-B464-4E00CCEB4872}.Release|x86.ActiveCfg = Release|Any CPU
		{EA995598-1AAE-4CA7-B464-4E00CCEB4872}.Release|x86.Build.0 = Release|Any CPU
		{43535DB9-CE26-4E50-ACDC-8FAE56D2EFF3}.Debug|Any CPU.ActiveCfg = Debug|Any CPU
		{43535DB9-CE26-4E50-ACDC-8FAE56D2EFF3}.Debug|Any CPU.Build.0 = Debug|Any CPU
		{43535DB9-CE26-4E50-ACDC-8FAE56D2EFF3}.Debug|x64.ActiveCfg = Debug|Any CPU
		{43535DB9-CE26-4E50-ACDC-8FAE56D2EFF3}.Debug|x64.Build.0 = Debug|Any CPU
		{43535DB9-CE26-4E50-ACDC-8FAE56D2EFF3}.Debug|x86.ActiveCfg = Debug|Any CPU
		{43535DB9-CE26-4E50-ACDC-8FAE56D2EFF3}.Debug|x86.Build.0 = Debug|Any CPU
		{43535DB9-CE26-4E50-ACDC-8FAE56D2EFF3}.Release|Any CPU.ActiveCfg = Release|Any CPU
		{43535DB9-CE26-4E50-ACDC-8FAE56D2EFF3}.Release|Any CPU.Build.0 = Release|Any CPU
		{43535DB9-CE26-4E50-ACDC-8FAE56D2EFF3}.Release|x64.ActiveCfg = Release|Any CPU
		{43535DB9-CE26-4E50-ACDC-8FAE56D2EFF3}.Release|x64.Build.0 = Release|Any CPU
		{43535DB9-CE26-4E50-ACDC-8FAE56D2EFF3}.Release|x86.ActiveCfg = Release|Any CPU
		{43535DB9-CE26-4E50-ACDC-8FAE56D2EFF3}.Release|x86.Build.0 = Release|Any CPU
		{A884F121-1D94-4C0B-966F-B91E1F295A7A}.Debug|Any CPU.ActiveCfg = Debug|Any CPU
		{A884F121-1D94-4C0B-966F-B91E1F295A7A}.Debug|Any CPU.Build.0 = Debug|Any CPU
		{A884F121-1D94-4C0B-966F-B91E1F295A7A}.Debug|x64.ActiveCfg = Debug|Any CPU
		{A884F121-1D94-4C0B-966F-B91E1F295A7A}.Debug|x64.Build.0 = Debug|Any CPU
		{A884F121-1D94-4C0B-966F-B91E1F295A7A}.Debug|x86.ActiveCfg = Debug|Any CPU
		{A884F121-1D94-4C0B-966F-B91E1F295A7A}.Debug|x86.Build.0 = Debug|Any CPU
		{A884F121-1D94-4C0B-966F-B91E1F295A7A}.Release|Any CPU.ActiveCfg = Release|Any CPU
		{A884F121-1D94-4C0B-966F-B91E1F295A7A}.Release|Any CPU.Build.0 = Release|Any CPU
		{A884F121-1D94-4C0B-966F-B91E1F295A7A}.Release|x64.ActiveCfg = Release|Any CPU
		{A884F121-1D94-4C0B-966F-B91E1F295A7A}.Release|x64.Build.0 = Release|Any CPU
		{A884F121-1D94-4C0B-966F-B91E1F295A7A}.Release|x86.ActiveCfg = Release|Any CPU
		{A884F121-1D94-4C0B-966F-B91E1F295A7A}.Release|x86.Build.0 = Release|Any CPU
	EndGlobalSection
	GlobalSection(SolutionProperties) = preSolution
		HideSolutionNode = FALSE
	EndGlobalSection
	GlobalSection(NestedProjects) = preSolution
		{8C0F46F2-0136-4510-ACC9-D7A583ABDDD2} = {2E903AB5-E882-49A7-A612-FCCB9F11D540}
		{1120443D-3709-4CAF-AF9B-A2203671DBB2} = {C69D878A-A37C-4DBD-8D90-8AF30074E3C0}
		{891CC3D5-9D84-47FD-95CC-00FBBC730752} = {C69D878A-A37C-4DBD-8D90-8AF30074E3C0}
		{5583F0D8-F594-4E63-878B-D1C4452A662C} = {2E903AB5-E882-49A7-A612-FCCB9F11D540}
		{EA995598-1AAE-4CA7-B464-4E00CCEB4872} = {C69D878A-A37C-4DBD-8D90-8AF30074E3C0}
		{43535DB9-CE26-4E50-ACDC-8FAE56D2EFF3} = {2E903AB5-E882-49A7-A612-FCCB9F11D540}
		{A884F121-1D94-4C0B-966F-B91E1F295A7A} = {2E903AB5-E882-49A7-A612-FCCB9F11D540}
	EndGlobalSection
	GlobalSection(ExtensibilityGlobals) = postSolution
		SolutionGuid = {77340858-04C1-4169-93A3-121A82FA6670}
	EndGlobalSection
EndGlobal
